# @generated by Move, please check-in and do not edit manually.

[move]
version = 3
manifest_digest = "AFAAA3FEB755B51D082C1C078368E43CA09F0A7CE1EC89F7CB5FBE9FDB4513C3"
deps_digest = "F9B494B64F0615AED0E98FC12A85B85ECD2BC5185C22D30E7F67786BB52E507C"
dependencies = [
  { id = "Bridge", name = "Bridge" },
  { id = "MoveStdlib", name = "MoveStdlib" },
  { id = "Sui", name = "Sui" },
  { id = "SuiSystem", name = "SuiSystem" },
]

[[move.package]]
id = "Bridge"
source = { git = "https://github.com/MystenLabs/sui.git", rev = "494fa6ede17f366f1cd850f01ccb9f42dc75c470", subdir = "crates/sui-framework/packages/bridge" }

dependencies = [
  { id = "MoveStdlib", name = "MoveStdlib" },
  { id = "Sui", name = "Sui" },
  { id = "SuiSystem", name = "SuiSystem" },
]

[[move.package]]
id = "MoveStdlib"
source = { git = "https://github.com/MystenLabs/sui.git", rev = "494fa6ede17f366f1cd850f01ccb9f42dc75c470", subdir = "crates/sui-framework/packages/move-stdlib" }

[[move.package]]
id = "Sui"
source = { git = "https://github.com/MystenLabs/sui.git", rev = "494fa6ede17f366f1cd850f01ccb9f42dc75c470", subdir = "crates/sui-framework/packages/sui-framework" }

dependencies = [
  { id = "MoveStdlib", name = "MoveStdlib" },
]

[[move.package]]
id = "SuiSystem"
source = { git = "https://github.com/MystenLabs/sui.git", rev = "494fa6ede17f366f1cd850f01ccb9f42dc75c470", subdir = "crates/sui-framework/packages/sui-system" }

dependencies = [
  { id = "MoveStdlib", name = "MoveStdlib" },
  { id = "Sui", name = "Sui" },
]

[move.toolchain-version]
compiler-version = "1.59.1"
edition = "2024.beta"
flavor = "sui"

[env]

[env.devnet]
chain-id = "cffbbc89"
original-published-id = "0xc070b6c4eb1998e819dda6998ed67702b289d845d3dc85bcdc5e609b74d82c35"
latest-published-id = "0xc070b6c4eb1998e819dda6998ed67702b289d845d3dc85bcdc5e609b74d82c35"
published-version = "1"

[env.testnet]
chain-id = "4c78adac"
original-published-id = "0x728b6acca6bb8585562c59f718ef800be59ed7bf2fb408a45bf3e980e3d76621"
latest-published-id = "0x728b6acca6bb8585562c59f718ef800be59ed7bf2fb408a45bf3e980e3d76621"
published-version = "1"

[env.mainnet]
chain-id = "35834a8a"
original-published-id = "0xc07c231ae8f9cda294a1fc2146340ef2d622ee51ec6ba82a30ae0c217cacbfe7"
latest-published-id = "0xc07c231ae8f9cda294a1fc2146340ef2d622ee51ec6ba82a30ae0c217cacbfe7"
published-version = "1"
